
Microsoft Visual Studio Solution File, Format Version 12.00
# Visual Studio Version 16
VisualStudioVersion = 16.0.31702.278
MinimumVisualStudioVersion = 10.0.40219.1
Project("{9A19103F-16F7-4668-BE54-9A1E7A4F7556}") = "EstruturaDeDados", "EstruturaDeDados\EstruturaDeDados.csproj", "{1ED5039E-EBB5-4E23-BF8D-33B984D14C60}"
EndProject
Project("{FAE04EC0-301F-11D3-BF4B-00C04F79EFBC}") = "EstruturaDeDados.Dominio", "EstruturaDeDados.Dominio\EstruturaDeDados.Dominio.csproj", "{5DBA2C70-9969-4B1C-85AC-77E013E5ADB2}"
EndProject
Global
	GlobalSection(SolutionConfigurationPlatforms) = preSolution
		Debug|Any CPU = Debug|Any CPU
		Release|Any CPU = Release|Any CPU
	EndGlobalSection
	GlobalSection(ProjectConfigurationPlatforms) = postSolution
		{1ED5039E-EBB5-4E23-BF8D-33B984D14C60}.Debug|Any CPU.ActiveCfg = Debug|Any CPU
		{1ED5039E-EBB5-4E23-BF8D-33B984D14C60}.Debug|Any CPU.Build.0 = Debug|Any CPU
		{1ED5039E-EBB5-4E23-BF8D-33B984D14C60}.Release|Any CPU.ActiveCfg = Release|Any CPU
		{1ED5039E-EBB5-4E23-BF8D-33B984D14C60}.Release|Any CPU.Build.0 = Release|Any CPU
		{5DBA2C70-9969-4B1C-85AC-77E013E5ADB2}.Debug|Any CPU.ActiveCfg = Debug|Any CPU
		{5DBA2C70-9969-4B1C-85AC-77E013E5ADB2}.Debug|Any CPU.Build.0 = Debug|Any CPU
		{5DBA2C70-9969-4B1C-85AC-77E013E5ADB2}.Release|Any CPU.ActiveCfg = Release|Any CPU
		{5DBA2C70-9969-4B1C-85AC-77E013E5ADB2}.Release|Any CPU.Build.0 = Release|Any CPU
	EndGlobalSection
	GlobalSection(SolutionProperties) = preSolution
		HideSolutionNode = FALSE
	EndGlobalSection
	GlobalSection(ExtensibilityGlobals) = postSolution
		SolutionGuid = {2DB89BA3-EF49-4CFE-ABDD-ACA35B36E60E}
	EndGlobalSection
EndGlobal
